
Microsoft Visual Studio Solution File, Format Version 12.00
# Visual Studio Version 17
VisualStudioVersion = 17.6.33723.286
MinimumVisualStudioVersion = 10.0.40219.1
Project("{FAE04EC0-301F-11D3-BF4B-00C04F79EFBC}") = "TodoApi", "TodoApi\TodoApi.csproj", "{CC64B93D-91BC-450A-8A9D-C4F1AAE2379B}"
EndProject
Global
	GlobalSection(SolutionConfigurationPlatforms) = preSolution
		Debug|Any CPU = Debug|Any CPU
		Release|Any CPU = Release|Any CPU
	EndGlobalSection
	GlobalSection(ProjectConfigurationPlatforms) = postSolution
		{CC64B93D-91BC-450A-8A9D-C4F1AAE2379B}.Debug|Any CPU.ActiveCfg = Debug|Any CPU
		{CC64B93D-91BC-450A-8A9D-C4F1AAE2379B}.Debug|Any CPU.Build.0 = Debug|Any CPU
		{CC64B93D-91BC-450A-8A9D-C4F1AAE2379B}.Release|Any CPU.ActiveCfg = Release|Any CPU
		{CC64B93D-91BC-450A-8A9D-C4F1AAE2379B}.Release|Any CPU.Build.0 = Release|Any CPU
	EndGlobalSection
	GlobalSection(SolutionProperties) = preSolution
		HideSolutionNode = FALSE
	EndGlobalSection
	GlobalSection(ExtensibilityGlobals) = postSolution
		SolutionGuid = {CC6D0216-47E4-40A5-81A0-2AE9BE7132E0}
	EndGlobalSection
EndGlobal
